
Microsoft Visual Studio Solution File, Format Version 12.00
# Visual Studio Version 16
VisualStudioVersion = 16.0.30804.86
MinimumVisualStudioVersion = 10.0.40219.1
Project("{FAE04EC0-301F-11D3-BF4B-00C04F79EFBC}") = "WebPubApp", "WebPubApp.csproj", "{D05A4925-1CFF-46DF-B9B6-574C8C40D4C1}"
EndProject
Global
	GlobalSection(SolutionConfigurationPlatforms) = preSolution
		Debug|Any CPU = Debug|Any CPU
		Release|Any CPU = Release|Any CPU
	EndGlobalSection
	GlobalSection(ProjectConfigurationPlatforms) = postSolution
		{D05A4925-1CFF-46DF-B9B6-574C8C40D4C1}.Debug|Any CPU.ActiveCfg = Debug|Any CPU
		{D05A4925-1CFF-46DF-B9B6-574C8C40D4C1}.Debug|Any CPU.Build.0 = Debug|Any CPU
		{D05A4925-1CFF-46DF-B9B6-574C8C40D4C1}.Release|Any CPU.ActiveCfg = Release|Any CPU
		{D05A4925-1CFF-46DF-B9B6-574C8C40D4C1}.Release|Any CPU.Build.0 = Release|Any CPU
	EndGlobalSection
	GlobalSection(SolutionProperties) = preSolution
		HideSolutionNode = FALSE
	EndGlobalSection
	GlobalSection(ExtensibilityGlobals) = postSolution
		SolutionGuid = {EB992D46-3F7A-4317-B419-F476A91D8915}
	EndGlobalSection
EndGlobal
